<?xml version="1.0" encoding="utf-8"?>
<Project ToolsVersion="4.0" xmlns="http://schemas.microsoft.com/developer/msbuild/2003">
  <ItemGroup>
    <ClCompile Include="Actor.cpp" />
    <ClCompile Include="AnimSpriteComponent.cpp" />
    <ClCompile Include="Assests.cpp" />
    <ClCompile Include="Astroïd.cpp" />
    <ClCompile Include="BackgroundSpriteComponent.cpp" />
    <ClCompile Include="CCC.cpp" />
    <ClCompile Include="Component.cpp" />
    <ClCompile Include="Game.cpp" />
    <ClCompile Include="InputComponent.cpp" />
    <ClCompile Include="Laser.cpp" />
    <ClCompile Include="Log.cpp" />
    <ClCompile Include="Main.cpp" />
    <ClCompile Include="MoveComponent.cpp" />
    <ClCompile Include="Random.cpp" />
    <ClCompile Include="Rectangle.cpp" />
    <ClCompile Include="RendererSDL.cpp" />
    <ClCompile Include="Ship.cpp" />
    <ClCompile Include="SpriteComponent.cpp" />
    <ClCompile Include="Texture.cpp" />
    <ClCompile Include="Timer.cpp" />
    <ClCompile Include="Vector2.cpp" />
    <ClCompile Include="Window.cpp" />
    <ClCompile Include="VertexArray.cpp" />
    <ClCompile Include="RendererOGL.cpp" />
    <ClCompile Include="Shader.cpp" />
    <ClCompile Include="Vector3.cpp" />
    <ClCompile Include="Matrix4.cpp" />
    <ClCompile Include="Quaternion.cpp" />
  </ItemGroup>
  <ItemGroup>
    <ClInclude Include="Window.h" />
    <ClInclude Include="Rectangle.h" />
    <ClInclude Include="RendererOGL.h" />
    <ClInclude Include="RendererSDL.h" />
    <ClInclude Include="Shader.h" />
    <ClInclude Include="Ship.h" />
    <ClInclude Include="SpriteComponent.h" />
    <ClInclude Include="Texture.h" />
    <ClInclude Include="Timer.h" />
    <ClInclude Include="Vector2.h" />
    <ClInclude Include="Vector3.h" />
    <ClInclude Include="VertexArray.h" />
    <ClInclude Include="Actor.h" />
    <ClInclude Include="AnimSpriteComponent.h" />
    <ClInclude Include="Assets.h" />
    <ClInclude Include="Astroïd.h" />
    <ClInclude Include="BackgroundSpriteComponent.h" />
    <ClInclude Include="CCC.h" />
    <ClInclude Include="Component.h" />
    <ClInclude Include="Game.h" />
    <ClInclude Include="InputComponent.h" />
    <ClInclude Include="IRenderer.h" />
    <ClInclude Include="Laser.h" />
    <ClInclude Include="Log.h" />
    <ClInclude Include="Maths.h" />
    <ClInclude Include="Matrix4.h" />
    <ClInclude Include="MoveComponent.h" />
    <ClInclude Include="Random.h" />
    <ClInclude Include="Quaternion.h" />
  </ItemGroup>
  <ItemGroup>
    <Filter Include="Header">
      <UniqueIdentifier>{d9a10859-b5e2-4658-9e99-0e8087ac18ef}</UniqueIdentifier>
    </Filter>
  </ItemGroup>
</Project>