<?xml version="1.0" encoding="utf-8"?>
<Project ToolsVersion="4.0" xmlns="http://schemas.microsoft.com/developer/msbuild/2003">
  <ItemGroup>
    <ClCompile Include="Game.cpp" />
    <ClCompile Include="Log.cpp" />
    <ClCompile Include="Main.cpp" />
    <ClCompile Include="Renderer.cpp" />
    <ClCompile Include="Timer.cpp" />
    <ClCompile Include="Window.cpp" />
    <ClCompile Include="Vector2.cpp" />
    <ClCompile Include="Component.cpp" />
    <ClCompile Include="Actor.cpp" />
    <ClCompile Include="Texture.cpp" />
    <ClCompile Include="Assests.cpp" />
    <ClCompile Include="Rectangle.cpp" />
    <ClCompile Include="SpriteComponent.cpp" />
    <ClCompile Include="AnimSpriteComponent.cpp" />
    <ClCompile Include="BackgroundSpriteComponent.cpp" />
    <ClCompile Include="Random.cpp" />
    <ClCompile Include="MoveComponent.cpp" />
    <ClCompile Include="Astroïd.cpp" />
    <ClCompile Include="InputComponent.cpp" />
    <ClCompile Include="Ship.cpp" />
    <ClCompile Include="CCC.cpp" />
    <ClCompile Include="Laser.cpp" />
  </ItemGroup>
  <ItemGroup>
    <ClInclude Include="Game.h">
      <Filter>Header</Filter>
    </ClInclude>
    <ClInclude Include="Log.h">
      <Filter>Header</Filter>
    </ClInclude>
    <ClInclude Include="Rectangle.h">
      <Filter>Header</Filter>
    </ClInclude>
    <ClInclude Include="Renderer.h">
      <Filter>Header</Filter>
    </ClInclude>
    <ClInclude Include="Timer.h">
      <Filter>Header</Filter>
    </ClInclude>
    <ClInclude Include="Vector2.h">
      <Filter>Header</Filter>
    </ClInclude>
    <ClInclude Include="Window.h">
      <Filter>Header</Filter>
    </ClInclude>
    <ClInclude Include="Component.h">
      <Filter>Header</Filter>
    </ClInclude>
    <ClInclude Include="Actor.h">
      <Filter>Header</Filter>
    </ClInclude>
    <ClInclude Include="Texture.h">
      <Filter>Header</Filter>
    </ClInclude>
    <ClInclude Include="Assets.h">
      <Filter>Header</Filter>
    </ClInclude>
    <ClInclude Include="Maths.h">
      <Filter>Header</Filter>
    </ClInclude>
    <ClInclude Include="SpriteComponent.h">
      <Filter>Header</Filter>
    </ClInclude>
    <ClInclude Include="AnimSpriteComponent.h">
      <Filter>Header</Filter>
    </ClInclude>
    <ClInclude Include="BackgroundSpriteComponent.h">
      <Filter>Header</Filter>
    </ClInclude>
    <ClInclude Include="Random.h">
      <Filter>Header</Filter>
    </ClInclude>
    <ClInclude Include="MoveComponent.h">
      <Filter>Header</Filter>
    </ClInclude>
    <ClInclude Include="Astroïd.h">
      <Filter>Header</Filter>
    </ClInclude>
    <ClInclude Include="InputComponent.h">
      <Filter>Header</Filter>
    </ClInclude>
    <ClInclude Include="Ship.h">
      <Filter>Header</Filter>
    </ClInclude>
    <ClInclude Include="CCC.h">
      <Filter>Header</Filter>
    </ClInclude>
    <ClInclude Include="Laser.h">
      <Filter>Header</Filter>
    </ClInclude>
  </ItemGroup>
  <ItemGroup>
    <Filter Include="Header">
      <UniqueIdentifier>{7769e787-4875-4ca2-8e30-96661b605431}</UniqueIdentifier>
    </Filter>
  </ItemGroup>
</Project>